{
	"name": "demo",
	"lockfileVersion": 3,
	"requires": true,
	"packages": {
		"": {
			"dependencies": {
				"@a11d/lit": "x",
				"@a11d/lit-application": "file:../packages/Application",
				"@a11d/lit-application-native": "file:../packages/Native"
			}
		},
		"../packages/Application": {
			"version": "0.2.5",
			"license": "MIT",
			"dependencies": {
				"@a11d/lit": "x",
				"@a11d/local-storage": "x",
				"@a11d/non-inertable-component": "x",
				"@a11d/root-css-injector": "x",
				"@lit-labs/router": "0.x",
				"path-to-regexp": "6.x",
				"ts-key-enum": "x",
				"tslib": "x",
				"urlpattern-polyfill": "x"
			}
		},
		"../packages/Native": {
			"name": "@a11d/lit-application-native",
			"version": "0.1.4",
			"license": "MIT",
			"dependencies": {
				"@a11d/lit-application": "x"
			}
		},
		"node_modules/@a11d/constructor": {
			"version": "0.1.0",
			"resolved": "https://registry.npmjs.org/@a11d/constructor/-/constructor-0.1.0.tgz",
			"integrity": "sha512-4oSyyY+nHd/NesVmcncaqbQ2TL1Z9tzZurFFBtjzVnyyJ7ntWsBKw/AHsXEggM5c/SUhMXQ50mcyy0+YJ7ZVTw=="
		},
		"node_modules/@a11d/is-writable": {
			"version": "1.0.1",
			"resolved": "https://registry.npmjs.org/@a11d/is-writable/-/is-writable-1.0.1.tgz",
			"integrity": "sha512-MH9X/CAU7a2dxNAq3wz5gvNJKEW+YSqXRvsnCJvn05pAgYKUjTyOiC60qA1CUBAAfQykb+OKTGItpGCDAQqaqA=="
		},
		"node_modules/@a11d/key-path": {
			"version": "1.1.0",
			"resolved": "https://registry.npmjs.org/@a11d/key-path/-/key-path-1.1.0.tgz",
			"integrity": "sha512-deHeuFZw8sUtLD04b3tTdXtf1N54pfFuhY6J0ty4haz3gGDphatc2J1dmMfdwtJdPY0o2JyFVKvxxLIIvm9wCA==",
			"dependencies": {
				"@a11d/is-writable": "1.x"
			}
		},
		"node_modules/@a11d/lit": {
			"version": "0.5.0",
			"resolved": "https://registry.npmjs.org/@a11d/lit/-/lit-0.5.0.tgz",
			"integrity": "sha512-HrcXrnVUz9AeXg+7o5scATtdCFvB/utWeAaDw0tmyDWl/pzN8iYdzgD42BvKtexF/IC5qJN86AOsNce/BjLf3g==",
			"dependencies": {
				"@a11d/constructor": "x",
				"@a11d/key-path": "x",
				"csstype": "x",
				"lit": "3.x"
			}
		},
		"node_modules/@a11d/lit-application": {
			"resolved": "../packages/Application",
			"link": true
		},
		"node_modules/@a11d/lit-application-native": {
			"resolved": "../packages/Native",
			"link": true
		},
		"node_modules/@lit-labs/ssr-dom-shim": {
			"version": "1.1.2",
			"resolved": "https://registry.npmjs.org/@lit-labs/ssr-dom-shim/-/ssr-dom-shim-1.1.2.tgz",
			"integrity": "sha512-jnOD+/+dSrfTWYfSXBXlo5l5f0q1UuJo3tkbMDCYA2lKUYq79jaxqtGEvnRoh049nt1vdo1+45RinipU6FGY2g=="
		},
		"node_modules/@lit/reactive-element": {
			"version": "2.0.0",
			"resolved": "https://registry.npmjs.org/@lit/reactive-element/-/reactive-element-2.0.0.tgz",
			"integrity": "sha512-wn+2+uDcs62ROBmVAwssO4x5xue/uKD3MGGZOXL2sMxReTRIT0JXKyMXeu7gh0aJ4IJNEIG/3aOnUaQvM7BMzQ==",
			"dependencies": {
				"@lit-labs/ssr-dom-shim": "^1.1.2-pre.0"
			}
		},
		"node_modules/@types/trusted-types": {
			"version": "2.0.4",
			"resolved": "https://registry.npmjs.org/@types/trusted-types/-/trusted-types-2.0.4.tgz",
			"integrity": "sha512-IDaobHimLQhjwsQ/NMwRVfa/yL7L/wriQPMhw1ZJall0KX6E1oxk29XMDeilW5qTIg5aoiqf5Udy8U/51aNoQQ=="
		},
		"node_modules/csstype": {
			"version": "3.1.2",
			"resolved": "https://registry.npmjs.org/csstype/-/csstype-3.1.2.tgz",
			"integrity": "sha512-I7K1Uu0MBPzaFKg4nI5Q7Vs2t+3gWWW648spaF+Rg7pI9ds18Ugn+lvg4SHczUdKlHI5LWBXyqfS8+DufyBsgQ=="
		},
		"node_modules/lit": {
			"version": "3.0.0",
			"resolved": "https://registry.npmjs.org/lit/-/lit-3.0.0.tgz",
			"integrity": "sha512-nQ0teRzU1Kdj++VdmttS2WvIen8M79wChJ6guRKIIym2M3Ansg3Adj9O6yuQh2IpjxiUXlNuS81WKlQ4iL3BmA==",
			"dependencies": {
				"@lit/reactive-element": "^2.0.0",
				"lit-element": "^4.0.0",
				"lit-html": "^3.0.0"
			}
		},
		"node_modules/lit-element": {
			"version": "4.0.0",
			"resolved": "https://registry.npmjs.org/lit-element/-/lit-element-4.0.0.tgz",
			"integrity": "sha512-N6+f7XgusURHl69DUZU6sTBGlIN+9Ixfs3ykkNDfgfTkDYGGOWwHAYBhDqVswnFGyWgQYR2KiSpu4J76Kccs/A==",
			"dependencies": {
				"@lit-labs/ssr-dom-shim": "^1.1.2-pre.0",
				"@lit/reactive-element": "^2.0.0",
				"lit-html": "^3.0.0"
			}
		},
		"node_modules/lit-html": {
			"version": "3.0.0",
			"resolved": "https://registry.npmjs.org/lit-html/-/lit-html-3.0.0.tgz",
			"integrity": "sha512-DNJIE8dNY0dQF2Gs0sdMNUppMQT2/CvV4OVnSdg7BXAsGqkVwsE5bqQ04POfkYH5dBIuGnJYdFz5fYYyNnOxiA==",
			"dependencies": {
				"@types/trusted-types": "^2.0.2"
			}
		}
	}
}
