{
	"name": "demo",
	"version": "0.0.1",
	"lockfileVersion": 2,
	"requires": true,
	"packages": {
		"": {
			"dependencies": {
				"@a11d/lit": "*",
				"@a11d/lit-application": "file:../packages/Application",
				"@a11d/lit-application-native": "file:../packages/Native"
			}
		},
		"../packages/Application": {
			"name": "@a11d/lit-application",
			"version": "0.0.13",
			"license": "MIT",
			"dependencies": {
				"@a11d/lit": "*",
				"@lit-labs/router": "^0.1.1",
				"path-to-regexp": "^6.2.1",
				"ts-key-enum": "^2.0.12",
				"tslib": "^2.4.1",
				"urlpattern-polyfill": "^5.0.5"
			}
		},
		"../packages/native": {
			"name": "@a11d/lit-application-native",
			"version": "0.0.10",
			"license": "MIT",
			"dependencies": {
				"@a11d/lit-application": "file:../Application"
			}
		},
		"node_modules/@a11d/lit": {
			"version": "0.0.34",
			"resolved": "https://registry.npmjs.org/@a11d/lit/-/lit-0.0.34.tgz",
			"integrity": "sha512-bDy1LDoGOHpcftf3aaIPRnmJFvrpAqAnMkrAb8/x+Wq6Q4k+18VHQK0vVEdO4zRH+c6a52y5R/kHWIgedwrvbA==",
			"dependencies": {
				"csstype": "^3.1.0",
				"lit": "^2.2.8"
			}
		},
		"node_modules/@a11d/lit-application": {
			"resolved": "../packages/Application",
			"link": true
		},
		"node_modules/@a11d/lit-application-native": {
			"resolved": "../packages/native",
			"link": true
		},
		"node_modules/@lit/reactive-element": {
			"version": "1.4.1",
			"resolved": "https://registry.npmjs.org/@lit/reactive-element/-/reactive-element-1.4.1.tgz",
			"integrity": "sha512-qDv4851VFSaBWzpS02cXHclo40jsbAjRXnebNXpm0uVg32kCneZPo9RYVQtrTNICtZ+1wAYHu1ZtxWSWMbKrBw=="
		},
		"node_modules/@types/trusted-types": {
			"version": "2.0.2",
			"resolved": "https://registry.npmjs.org/@types/trusted-types/-/trusted-types-2.0.2.tgz",
			"integrity": "sha512-F5DIZ36YVLE+PN+Zwws4kJogq47hNgX3Nx6WyDJ3kcplxyke3XIzB8uK5n/Lpm1HBsbGzd6nmGehL8cPekP+Tg=="
		},
		"node_modules/csstype": {
			"version": "3.1.1",
			"resolved": "https://registry.npmjs.org/csstype/-/csstype-3.1.1.tgz",
			"integrity": "sha512-DJR/VvkAvSZW9bTouZue2sSxDwdTN92uHjqeKVm+0dAqdfNykRzQ95tay8aXMBAAPpUiq4Qcug2L7neoRh2Egw=="
		},
		"node_modules/lit": {
			"version": "2.4.0",
			"resolved": "https://registry.npmjs.org/lit/-/lit-2.4.0.tgz",
			"integrity": "sha512-fdgzxEtLrZFQU/BqTtxFQCLwlZd9bdat+ltzSFjvWkZrs7eBmeX0L5MHUMb3kYIkuS8Xlfnii/iI5klirF8/Xg==",
			"dependencies": {
				"@lit/reactive-element": "^1.4.0",
				"lit-element": "^3.2.0",
				"lit-html": "^2.4.0"
			}
		},
		"node_modules/lit-element": {
			"version": "3.2.2",
			"resolved": "https://registry.npmjs.org/lit-element/-/lit-element-3.2.2.tgz",
			"integrity": "sha512-6ZgxBR9KNroqKb6+htkyBwD90XGRiqKDHVrW/Eh0EZ+l+iC+u+v+w3/BA5NGi4nizAVHGYvQBHUDuSmLjPp7NQ==",
			"dependencies": {
				"@lit/reactive-element": "^1.3.0",
				"lit-html": "^2.2.0"
			}
		},
		"node_modules/lit-html": {
			"version": "2.4.0",
			"resolved": "https://registry.npmjs.org/lit-html/-/lit-html-2.4.0.tgz",
			"integrity": "sha512-G6qXu4JNUpY6aaF2VMfaszhO9hlWw0hOTRFDmuMheg/nDYGB+2RztUSOyrzALAbr8Nh0Y7qjhYkReh3rPnplVg==",
			"dependencies": {
				"@types/trusted-types": "^2.0.2"
			}
		}
	},
	"dependencies": {
		"@a11d/lit": {
			"version": "0.0.34",
			"resolved": "https://registry.npmjs.org/@a11d/lit/-/lit-0.0.34.tgz",
			"integrity": "sha512-bDy1LDoGOHpcftf3aaIPRnmJFvrpAqAnMkrAb8/x+Wq6Q4k+18VHQK0vVEdO4zRH+c6a52y5R/kHWIgedwrvbA==",
			"requires": {
				"csstype": "^3.1.0",
				"lit": "^2.2.8"
			}
		},
		"@a11d/lit-application": {
			"version": "file:../packages/Application",
			"requires": {
				"@a11d/lit": "*",
				"@lit-labs/router": "^0.1.1",
				"path-to-regexp": "^6.2.1",
				"ts-key-enum": "^2.0.12",
				"tslib": "^2.4.1",
				"urlpattern-polyfill": "^5.0.5"
			}
		},
		"@a11d/lit-application-native": {
			"version": "file:../packages/native",
			"requires": {
				"@a11d/lit-application": "file:../Application"
			}
		},
		"@lit/reactive-element": {
			"version": "1.4.1",
			"resolved": "https://registry.npmjs.org/@lit/reactive-element/-/reactive-element-1.4.1.tgz",
			"integrity": "sha512-qDv4851VFSaBWzpS02cXHclo40jsbAjRXnebNXpm0uVg32kCneZPo9RYVQtrTNICtZ+1wAYHu1ZtxWSWMbKrBw=="
		},
		"@types/trusted-types": {
			"version": "2.0.2",
			"resolved": "https://registry.npmjs.org/@types/trusted-types/-/trusted-types-2.0.2.tgz",
			"integrity": "sha512-F5DIZ36YVLE+PN+Zwws4kJogq47hNgX3Nx6WyDJ3kcplxyke3XIzB8uK5n/Lpm1HBsbGzd6nmGehL8cPekP+Tg=="
		},
		"csstype": {
			"version": "3.1.1",
			"resolved": "https://registry.npmjs.org/csstype/-/csstype-3.1.1.tgz",
			"integrity": "sha512-DJR/VvkAvSZW9bTouZue2sSxDwdTN92uHjqeKVm+0dAqdfNykRzQ95tay8aXMBAAPpUiq4Qcug2L7neoRh2Egw=="
		},
		"lit": {
			"version": "2.4.0",
			"resolved": "https://registry.npmjs.org/lit/-/lit-2.4.0.tgz",
			"integrity": "sha512-fdgzxEtLrZFQU/BqTtxFQCLwlZd9bdat+ltzSFjvWkZrs7eBmeX0L5MHUMb3kYIkuS8Xlfnii/iI5klirF8/Xg==",
			"requires": {
				"@lit/reactive-element": "^1.4.0",
				"lit-element": "^3.2.0",
				"lit-html": "^2.4.0"
			}
		},
		"lit-element": {
			"version": "3.2.2",
			"resolved": "https://registry.npmjs.org/lit-element/-/lit-element-3.2.2.tgz",
			"integrity": "sha512-6ZgxBR9KNroqKb6+htkyBwD90XGRiqKDHVrW/Eh0EZ+l+iC+u+v+w3/BA5NGi4nizAVHGYvQBHUDuSmLjPp7NQ==",
			"requires": {
				"@lit/reactive-element": "^1.3.0",
				"lit-html": "^2.2.0"
			}
		},
		"lit-html": {
			"version": "2.4.0",
			"resolved": "https://registry.npmjs.org/lit-html/-/lit-html-2.4.0.tgz",
			"integrity": "sha512-G6qXu4JNUpY6aaF2VMfaszhO9hlWw0hOTRFDmuMheg/nDYGB+2RztUSOyrzALAbr8Nh0Y7qjhYkReh3rPnplVg==",
			"requires": {
				"@types/trusted-types": "^2.0.2"
			}
		}
	}
}
